<?xml version="1.0" encoding="utf-8"?>
<Project ToolsVersion="4.0" xmlns="http://schemas.microsoft.com/developer/msbuild/2003">
  <ItemGroup>
    <CudaCompile Include="src\kernel.cu" />
    <CudaCompile Include="src\main.cpp" />
    <CudaCompile Include="src\ParticleDistribution.h">
      <Filter>model\interface</Filter>
    </CudaCompile>
  </ItemGroup>
  <ItemGroup>
    <ClInclude Include="src\UniverseImpl.h">
      <Filter>controller\concrete</Filter>
    </ClInclude>
    <ClInclude Include="src\Law.h">
      <Filter>controller\interface</Filter>
    </ClInclude>
    <ClInclude Include="src\SimulationInput.h">
      <Filter>controller\interface</Filter>
    </ClInclude>
    <ClInclude Include="src\SimulationOutput.h">
      <Filter>controller\interface</Filter>
    </ClInclude>
    <ClInclude Include="src\Universe.h">
      <Filter>controller\interface</Filter>
    </ClInclude>
    <ClInclude Include="src\UniverseImplSimple.h">
      <Filter>controller\concrete</Filter>
    </ClInclude>
    <ClInclude Include="src\NewtonFirstLaw.h">
      <Filter>controller\concrete</Filter>
    </ClInclude>
    <ClInclude Include="src\NewtonGravity.h">
      <Filter>controller\concrete</Filter>
    </ClInclude>
    <ClInclude Include="src\SimulationInputSimple.h">
      <Filter>controller\concrete</Filter>
    </ClInclude>
    <ClInclude Include="src\ParticleSimple.h">
      <Filter>model\conrete</Filter>
    </ClInclude>
    <ClInclude Include="src\Particle.h">
      <Filter>model\interface</Filter>
    </ClInclude>
    <ClInclude Include="src\SimulationInputRandomSimple.h">
      <Filter>controller\concrete</Filter>
    </ClInclude>
    <ClInclude Include="src\Distribution.h">
      <Filter>model\interface</Filter>
    </ClInclude>
    <ClInclude Include="src\ParticleDistributionSimple.h">
      <Filter>model\conrete</Filter>
    </ClInclude>
    <ClInclude Include="src\Distribution3D.h">
      <Filter>model\interface</Filter>
    </ClInclude>
    <ClInclude Include="src\DistributionCircle.h">
      <Filter>model\conrete</Filter>
    </ClInclude>
    <ClInclude Include="src\DistributionSphere.h">
      <Filter>model\conrete</Filter>
    </ClInclude>
    <ClInclude Include="src\DistributionSimple.h">
      <Filter>model\conrete</Filter>
    </ClInclude>
    <ClInclude Include="src\DistributionGlobe.h">
      <Filter>model\conrete</Filter>
    </ClInclude>
    <ClInclude Include="src\SimulationOutputPrint.h">
      <Filter>controller\concrete</Filter>
    </ClInclude>
    <ClInclude Include="src\SimulationOutputJSON.h">
      <Filter>controller\concrete</Filter>
    </ClInclude>
    <ClInclude Include="src\CollisionResolver.h">
      <Filter>controller\interface</Filter>
    </ClInclude>
    <ClInclude Include="src\CollisionDetectorSimple.h">
      <Filter>controller\concrete</Filter>
    </ClInclude>
    <ClInclude Include="src\CollisionDetector.h">
      <Filter>controller\interface</Filter>
    </ClInclude>
    <ClInclude Include="src\Vector3D.h">
      <Filter>model\conrete</Filter>
    </ClInclude>
    <ClInclude Include="src\CollisionResolverCoalesce.h" />
  </ItemGroup>
  <ItemGroup>
    <None Include="SimulationTest\packages.config" />
  </ItemGroup>
  <ItemGroup>
    <Filter Include="controller">
      <UniqueIdentifier>{c37c7373-2015-435d-b264-8b81e8a85aa5}</UniqueIdentifier>
    </Filter>
    <Filter Include="model">
      <UniqueIdentifier>{bab77455-f679-4232-b109-6b95c51b53cd}</UniqueIdentifier>
    </Filter>
    <Filter Include="controller\concrete">
      <UniqueIdentifier>{12b02ebd-5383-4df2-b9e4-30bfeb1b6a8a}</UniqueIdentifier>
    </Filter>
    <Filter Include="controller\interface">
      <UniqueIdentifier>{dac220a0-8963-4bc5-aabf-eba94f678b5c}</UniqueIdentifier>
    </Filter>
    <Filter Include="model\conrete">
      <UniqueIdentifier>{2ed52220-6f86-43e0-a955-806706e11324}</UniqueIdentifier>
    </Filter>
    <Filter Include="model\interface">
      <UniqueIdentifier>{4dbc5e0e-070f-48db-bedd-9a0b69ebec12}</UniqueIdentifier>
    </Filter>
  </ItemGroup>
  <ItemGroup>
    <ClCompile Include="src\CollisionDetectorSimple.cpp" />
    <ClCompile Include="src\CollisionResolverCoalesce.cpp" />
    <ClCompile Include="src\Distribution.cpp" />
    <ClCompile Include="src\Distribution3D.cpp" />
    <ClCompile Include="src\DistributionCircle.cpp" />
    <ClCompile Include="src\DistributionGlobe.cpp" />
    <ClCompile Include="src\DistributionSimple.cpp" />
    <ClCompile Include="src\NewtonFirstLaw.cpp" />
    <ClCompile Include="src\NewtonGravity.cpp" />
    <ClCompile Include="src\ParticleDistribution.cpp" />
    <ClCompile Include="src\ParticleDistributionSimple.cpp" />
    <ClCompile Include="src\ParticleSimple.cpp" />
    <ClCompile Include="src\SimulationInputRandomSimple.cpp" />
    <ClCompile Include="src\SimulationInputSimple.cpp" />
    <ClCompile Include="src\SimulationOutputJSON.cpp" />
    <ClCompile Include="src\SimulationOutputPrint.cpp" />
    <ClCompile Include="src\Universe.cpp" />
    <ClCompile Include="src\UniverseImpl.cpp" />
    <ClCompile Include="src\UniverseImplSimple.cpp" />
    <ClCompile Include="src\Vector3D.cpp" />
  </ItemGroup>
</Project>